
Microsoft Visual Studio Solution File, Format Version 12.00
# Visual Studio Version 17
VisualStudioVersion = 17.6.33723.286
MinimumVisualStudioVersion = 10.0.40219.1
Project("{FAE04EC0-301F-11D3-BF4B-00C04F79EFBC}") = "DigitalSignatureWebUI", "DigitalSignatureWebUI\DigitalSignatureWebUI.csproj", "{ED865CC6-AC75-495F-8375-DC385FE36F98}"
EndProject
Project("{FAE04EC0-301F-11D3-BF4B-00C04F79EFBC}") = "StandardDigitalSignature", "StandardDigitalSignature\StandardDigitalSignature.csproj", "{5F9F2B8E-90CE-4E14-80F8-59FBFF553302}"
EndProject
Global
	GlobalSection(SolutionConfigurationPlatforms) = preSolution
		Debug|Any CPU = Debug|Any CPU
		Release|Any CPU = Release|Any CPU
	EndGlobalSection
	GlobalSection(ProjectConfigurationPlatforms) = postSolution
		{ED865CC6-AC75-495F-8375-DC385FE36F98}.Debug|Any CPU.ActiveCfg = Debug|Any CPU
		{ED865CC6-AC75-495F-8375-DC385FE36F98}.Debug|Any CPU.Build.0 = Debug|Any CPU
		{ED865CC6-AC75-495F-8375-DC385FE36F98}.Release|Any CPU.ActiveCfg = Release|Any CPU
		{ED865CC6-AC75-495F-8375-DC385FE36F98}.Release|Any CPU.Build.0 = Release|Any CPU
		{5F9F2B8E-90CE-4E14-80F8-59FBFF553302}.Debug|Any CPU.ActiveCfg = Debug|Any CPU
		{5F9F2B8E-90CE-4E14-80F8-59FBFF553302}.Debug|Any CPU.Build.0 = Debug|Any CPU
		{5F9F2B8E-90CE-4E14-80F8-59FBFF553302}.Release|Any CPU.ActiveCfg = Release|Any CPU
		{5F9F2B8E-90CE-4E14-80F8-59FBFF553302}.Release|Any CPU.Build.0 = Release|Any CPU
	EndGlobalSection
	GlobalSection(SolutionProperties) = preSolution
		HideSolutionNode = FALSE
	EndGlobalSection
	GlobalSection(ExtensibilityGlobals) = postSolution
		SolutionGuid = {7EFD1589-E670-4C59-8333-2A122E512D72}
	EndGlobalSection
EndGlobal
